
Microsoft Visual Studio Solution File, Format Version 12.00
# Visual Studio Version 17
VisualStudioVersion = 17.8.34316.72
MinimumVisualStudioVersion = 10.0.40219.1
Project("{9A19103F-16F7-4668-BE54-9A1E7A4F7556}") = "Entities", "Entities\Entities.csproj", "{88762281-2E64-4A17-8701-C4D2ED57DBAA}"
EndProject
Project("{9A19103F-16F7-4668-BE54-9A1E7A4F7556}") = "Business", "Business\Business.csproj", "{1C75D126-B0EF-4F24-90D9-E34EE775DB1F}"
EndProject
Project("{9A19103F-16F7-4668-BE54-9A1E7A4F7556}") = "Workaround", "Workaround\Workaround\Workaround.csproj", "{D0904441-FBB4-4BFB-BC3E-A8AB8F49F26A}"
EndProject
Global
	GlobalSection(SolutionConfigurationPlatforms) = preSolution
		Debug|Any CPU = Debug|Any CPU
		Release|Any CPU = Release|Any CPU
	EndGlobalSection
	GlobalSection(ProjectConfigurationPlatforms) = postSolution
		{88762281-2E64-4A17-8701-C4D2ED57DBAA}.Debug|Any CPU.ActiveCfg = Debug|Any CPU
		{88762281-2E64-4A17-8701-C4D2ED57DBAA}.Debug|Any CPU.Build.0 = Debug|Any CPU
		{88762281-2E64-4A17-8701-C4D2ED57DBAA}.Release|Any CPU.ActiveCfg = Release|Any CPU
		{88762281-2E64-4A17-8701-C4D2ED57DBAA}.Release|Any CPU.Build.0 = Release|Any CPU
		{1C75D126-B0EF-4F24-90D9-E34EE775DB1F}.Debug|Any CPU.ActiveCfg = Debug|Any CPU
		{1C75D126-B0EF-4F24-90D9-E34EE775DB1F}.Debug|Any CPU.Build.0 = Debug|Any CPU
		{1C75D126-B0EF-4F24-90D9-E34EE775DB1F}.Release|Any CPU.ActiveCfg = Release|Any CPU
		{1C75D126-B0EF-4F24-90D9-E34EE775DB1F}.Release|Any CPU.Build.0 = Release|Any CPU
		{D0904441-FBB4-4BFB-BC3E-A8AB8F49F26A}.Debug|Any CPU.ActiveCfg = Debug|Any CPU
		{D0904441-FBB4-4BFB-BC3E-A8AB8F49F26A}.Debug|Any CPU.Build.0 = Debug|Any CPU
		{D0904441-FBB4-4BFB-BC3E-A8AB8F49F26A}.Release|Any CPU.ActiveCfg = Release|Any CPU
		{D0904441-FBB4-4BFB-BC3E-A8AB8F49F26A}.Release|Any CPU.Build.0 = Release|Any CPU
	EndGlobalSection
	GlobalSection(SolutionProperties) = preSolution
		HideSolutionNode = FALSE
	EndGlobalSection
	GlobalSection(ExtensibilityGlobals) = postSolution
		SolutionGuid = {B25EB602-E59D-4E2F-9353-17EEE137C523}
	EndGlobalSection
EndGlobal
